// !$*UTF8*$!
{
	archiveVersion = 1;
	classes = {
	};
	objectVersion = 50;
	objects = {

/* Begin PBXBuildFile section */
		54308AF4CDBB803F15124496 /* Pods_MigrateMe.framework in Frameworks */ = {isa = PBXBuildFile; fileRef = 9A9AEBA4F2FF7B247C8EC806 /* Pods_MigrateMe.framework */; };
		A21C4B1A215A12060054A10C /* EmployerSponseredViewController.swift in Sources */ = {isa = PBXBuildFile; fileRef = A21C4B19215A12060054A10C /* EmployerSponseredViewController.swift */; };
		A234AE1C215CF16C00F1A8C9 /* Course.swift in Sources */ = {isa = PBXBuildFile; fileRef = A234AE1B215CF16C00F1A8C9 /* Course.swift */; };
		A27BDE592150A64200B16F22 /* AppDelegate.swift in Sources */ = {isa = PBXBuildFile; fileRef = A27BDE582150A64200B16F22 /* AppDelegate.swift */; };
		A27BDE5B2150A64200B16F22 /* ViewController.swift in Sources */ = {isa = PBXBuildFile; fileRef = A27BDE5A2150A64200B16F22 /* ViewController.swift */; };
		A27BDE5E2150A64200B16F22 /* Main.storyboard in Resources */ = {isa = PBXBuildFile; fileRef = A27BDE5C2150A64200B16F22 /* Main.storyboard */; };
		A27BDE602150A64300B16F22 /* Assets.xcassets in Resources */ = {isa = PBXBuildFile; fileRef = A27BDE5F2150A64300B16F22 /* Assets.xcassets */; };
		A27BDE632150A64300B16F22 /* LaunchScreen.storyboard in Resources */ = {isa = PBXBuildFile; fileRef = A27BDE612150A64300B16F22 /* LaunchScreen.storyboard */; };
		A27BDE6C2150B1F500B16F22 /* MainPageViewController.swift in Sources */ = {isa = PBXBuildFile; fileRef = A27BDE6B2150B1F500B16F22 /* MainPageViewController.swift */; };
		A27BDE6E21546A1600B16F22 /* SideMenuTableViewController.swift in Sources */ = {isa = PBXBuildFile; fileRef = A27BDE6D21546A1600B16F22 /* SideMenuTableViewController.swift */; };
		A27BDE7021547EA300B16F22 /* VisasViewController.swift in Sources */ = {isa = PBXBuildFile; fileRef = A27BDE6F21547EA300B16F22 /* VisasViewController.swift */; };
		A27BDE78215491EE00B16F22 /* CoursesViewController.swift in Sources */ = {isa = PBXBuildFile; fileRef = A27BDE77215491EE00B16F22 /* CoursesViewController.swift */; };
		A2E48E262159BF9A003D425E /* visaDetailViewController.swift in Sources */ = {isa = PBXBuildFile; fileRef = A2E48E252159BF9A003D425E /* visaDetailViewController.swift */; };
		A2FF89B7215B4223002746B6 /* LivinginMelbourneViewController.swift in Sources */ = {isa = PBXBuildFile; fileRef = A2FF89B6215B4223002746B6 /* LivinginMelbourneViewController.swift */; };
		A2FF89D7215CB053002746B6 /* CourseDetailPageViewController.swift in Sources */ = {isa = PBXBuildFile; fileRef = A2FF89D6215CB053002746B6 /* CourseDetailPageViewController.swift */; };
/* End PBXBuildFile section */

/* Begin PBXFileReference section */
		639B17D212A7E74135968D12 /* Pods-MigrateMe.release.xcconfig */ = {isa = PBXFileReference; includeInIndex = 1; lastKnownFileType = text.xcconfig; name = "Pods-MigrateMe.release.xcconfig"; path = "Pods/Target Support Files/Pods-MigrateMe/Pods-MigrateMe.release.xcconfig"; sourceTree = "<group>"; };
		9A9AEBA4F2FF7B247C8EC806 /* Pods_MigrateMe.framework */ = {isa = PBXFileReference; explicitFileType = wrapper.framework; includeInIndex = 0; path = Pods_MigrateMe.framework; sourceTree = BUILT_PRODUCTS_DIR; };
		A21C4B19215A12060054A10C /* EmployerSponseredViewController.swift */ = {isa = PBXFileReference; lastKnownFileType = sourcecode.swift; path = EmployerSponseredViewController.swift; sourceTree = "<group>"; };
		A234AE1B215CF16C00F1A8C9 /* Course.swift */ = {isa = PBXFileReference; lastKnownFileType = sourcecode.swift; path = Course.swift; sourceTree = "<group>"; };
		A27BDE552150A64200B16F22 /* MigrateMe.app */ = {isa = PBXFileReference; explicitFileType = wrapper.application; includeInIndex = 0; path = MigrateMe.app; sourceTree = BUILT_PRODUCTS_DIR; };
		A27BDE582150A64200B16F22 /* AppDelegate.swift */ = {isa = PBXFileReference; lastKnownFileType = sourcecode.swift; path = AppDelegate.swift; sourceTree = "<group>"; };
		A27BDE5A2150A64200B16F22 /* ViewController.swift */ = {isa = PBXFileReference; lastKnownFileType = sourcecode.swift; path = ViewController.swift; sourceTree = "<group>"; };
		A27BDE5D2150A64200B16F22 /* Base */ = {isa = PBXFileReference; lastKnownFileType = file.storyboard; name = Base; path = Base.lproj/Main.storyboard; sourceTree = "<group>"; };
		A27BDE5F2150A64300B16F22 /* Assets.xcassets */ = {isa = PBXFileReference; lastKnownFileType = folder.assetcatalog; path = Assets.xcassets; sourceTree = "<group>"; };
		A27BDE622150A64300B16F22 /* Base */ = {isa = PBXFileReference; lastKnownFileType = file.storyboard; name = Base; path = Base.lproj/LaunchScreen.storyboard; sourceTree = "<group>"; };
		A27BDE642150A64300B16F22 /* Info.plist */ = {isa = PBXFileReference; lastKnownFileType = text.plist.xml; path = Info.plist; sourceTree = "<group>"; };
		A27BDE6A2150A82600B16F22 /* MigrateMe.h */ = {isa = PBXFileReference; lastKnownFileType = sourcecode.c.h; path = MigrateMe.h; sourceTree = "<group>"; };
		A27BDE6B2150B1F500B16F22 /* MainPageViewController.swift */ = {isa = PBXFileReference; lastKnownFileType = sourcecode.swift; path = MainPageViewController.swift; sourceTree = "<group>"; };
		A27BDE6D21546A1600B16F22 /* SideMenuTableViewController.swift */ = {isa = PBXFileReference; lastKnownFileType = sourcecode.swift; path = SideMenuTableViewController.swift; sourceTree = "<group>"; };
		A27BDE6F21547EA300B16F22 /* VisasViewController.swift */ = {isa = PBXFileReference; lastKnownFileType = sourcecode.swift; path = VisasViewController.swift; sourceTree = "<group>"; };
		A27BDE77215491EE00B16F22 /* CoursesViewController.swift */ = {isa = PBXFileReference; lastKnownFileType = sourcecode.swift; path = CoursesViewController.swift; sourceTree = "<group>"; };
		A2E48E252159BF9A003D425E /* visaDetailViewController.swift */ = {isa = PBXFileReference; lastKnownFileType = sourcecode.swift; path = visaDetailViewController.swift; sourceTree = "<group>"; };
		A2FF89B6215B4223002746B6 /* LivinginMelbourneViewController.swift */ = {isa = PBXFileReference; lastKnownFileType = sourcecode.swift; path = LivinginMelbourneViewController.swift; sourceTree = "<group>"; };
		A2FF89D6215CB053002746B6 /* CourseDetailPageViewController.swift */ = {isa = PBXFileReference; lastKnownFileType = sourcecode.swift; path = CourseDetailPageViewController.swift; sourceTree = "<group>"; };
		DE7F72BDC12C3A1680218E34 /* Pods-MigrateMe.debug.xcconfig */ = {isa = PBXFileReference; includeInIndex = 1; lastKnownFileType = text.xcconfig; name = "Pods-MigrateMe.debug.xcconfig"; path = "Pods/Target Support Files/Pods-MigrateMe/Pods-MigrateMe.debug.xcconfig"; sourceTree = "<group>"; };
/* End PBXFileReference section */

/* Begin PBXFrameworksBuildPhase section */
		A27BDE522150A64200B16F22 /* Frameworks */ = {
			isa = PBXFrameworksBuildPhase;
			buildActionMask = 2147483647;
			files = (
				54308AF4CDBB803F15124496 /* Pods_MigrateMe.framework in Frameworks */,
			);
			runOnlyForDeploymentPostprocessing = 0;
		};
/* End PBXFrameworksBuildPhase section */

/* Begin PBXGroup section */
		22D9E2916C01F0F7ACBC4D36 /* Frameworks */ = {
			isa = PBXGroup;
			children = (
				9A9AEBA4F2FF7B247C8EC806 /* Pods_MigrateMe.framework */,
			);
			name = Frameworks;
			sourceTree = "<group>";
		};
		5A8F2E1B224044452F02D7FF /* Pods */ = {
			isa = PBXGroup;
			children = (
				DE7F72BDC12C3A1680218E34 /* Pods-MigrateMe.debug.xcconfig */,
				639B17D212A7E74135968D12 /* Pods-MigrateMe.release.xcconfig */,
			);
			name = Pods;
			sourceTree = "<group>";
		};
		A27BDE4C2150A64200B16F22 = {
			isa = PBXGroup;
			children = (
				A27BDE572150A64200B16F22 /* MigrateMe */,
				A27BDE562150A64200B16F22 /* Products */,
				5A8F2E1B224044452F02D7FF /* Pods */,
				22D9E2916C01F0F7ACBC4D36 /* Frameworks */,
			);
			sourceTree = "<group>";
		};
		A27BDE562150A64200B16F22 /* Products */ = {
			isa = PBXGroup;
			children = (
				A27BDE552150A64200B16F22 /* MigrateMe.app */,
			);
			name = Products;
			sourceTree = "<group>";
		};
		A27BDE572150A64200B16F22 /* MigrateMe */ = {
			isa = PBXGroup;
			children = (
				A27BDE76215484D200B16F22 /* Supporting Files */,
				A27BDE5A2150A64200B16F22 /* ViewController.swift */,
				A27BDE5C2150A64200B16F22 /* Main.storyboard */,
				A27BDE642150A64300B16F22 /* Info.plist */,
				A27BDE6A2150A82600B16F22 /* MigrateMe.h */,
				A27BDE6B2150B1F500B16F22 /* MainPageViewController.swift */,
				A27BDE6D21546A1600B16F22 /* SideMenuTableViewController.swift */,
				A27BDE6F21547EA300B16F22 /* VisasViewController.swift */,
				A2E48E252159BF9A003D425E /* visaDetailViewController.swift */,
				A27BDE77215491EE00B16F22 /* CoursesViewController.swift */,
				A2FF89D6215CB053002746B6 /* CourseDetailPageViewController.swift */,
				A21C4B19215A12060054A10C /* EmployerSponseredViewController.swift */,
				A2FF89B6215B4223002746B6 /* LivinginMelbourneViewController.swift */,
				A234AE1B215CF16C00F1A8C9 /* Course.swift */,
			);
			path = MigrateMe;
			sourceTree = "<group>";
		};
		A27BDE76215484D200B16F22 /* Supporting Files */ = {
			isa = PBXGroup;
			children = (
				A27BDE5F2150A64300B16F22 /* Assets.xcassets */,
				A27BDE612150A64300B16F22 /* LaunchScreen.storyboard */,
				A27BDE582150A64200B16F22 /* AppDelegate.swift */,
			);
			path = "Supporting Files";
			sourceTree = "<group>";
		};
/* End PBXGroup section */

/* Begin PBXNativeTarget section */
		A27BDE542150A64200B16F22 /* MigrateMe */ = {
			isa = PBXNativeTarget;
			buildConfigurationList = A27BDE672150A64300B16F22 /* Build configuration list for PBXNativeTarget "MigrateMe" */;
			buildPhases = (
				FB3C5E5F2F8A64B924A487BA /* [CP] Check Pods Manifest.lock */,
				A27BDE512150A64200B16F22 /* Sources */,
				A27BDE522150A64200B16F22 /* Frameworks */,
				A27BDE532150A64200B16F22 /* Resources */,
				EC14FECE31D1D79AC2071702 /* [CP] Embed Pods Frameworks */,
			);
			buildRules = (
			);
			dependencies = (
			);
			name = MigrateMe;
			productName = MigrateMe;
			productReference = A27BDE552150A64200B16F22 /* MigrateMe.app */;
			productType = "com.apple.product-type.application";
		};
/* End PBXNativeTarget section */

/* Begin PBXProject section */
		A27BDE4D2150A64200B16F22 /* Project object */ = {
			isa = PBXProject;
			attributes = {
				LastSwiftUpdateCheck = 1000;
				LastUpgradeCheck = 1000;
				ORGANIZATIONNAME = "吃面包的布拉德";
				TargetAttributes = {
					A27BDE542150A64200B16F22 = {
						CreatedOnToolsVersion = 10.0;
					};
				};
			};
			buildConfigurationList = A27BDE502150A64200B16F22 /* Build configuration list for PBXProject "MigrateMe" */;
			compatibilityVersion = "Xcode 9.3";
			developmentRegion = en;
			hasScannedForEncodings = 0;
			knownRegions = (
				en,
				Base,
			);
			mainGroup = A27BDE4C2150A64200B16F22;
			productRefGroup = A27BDE562150A64200B16F22 /* Products */;
			projectDirPath = "";
			projectRoot = "";
			targets = (
				A27BDE542150A64200B16F22 /* MigrateMe */,
			);
		};
/* End PBXProject section */

/* Begin PBXResourcesBuildPhase section */
		A27BDE532150A64200B16F22 /* Resources */ = {
			isa = PBXResourcesBuildPhase;
			buildActionMask = 2147483647;
			files = (
				A27BDE632150A64300B16F22 /* LaunchScreen.storyboard in Resources */,
				A27BDE602150A64300B16F22 /* Assets.xcassets in Resources */,
				A27BDE5E2150A64200B16F22 /* Main.storyboard in Resources */,
			);
			runOnlyForDeploymentPostprocessing = 0;
		};
/* End PBXResourcesBuildPhase section */

/* Begin PBXShellScriptBuildPhase section */
		EC14FECE31D1D79AC2071702 /* [CP] Embed Pods Frameworks */ = {
			isa = PBXShellScriptBuildPhase;
			buildActionMask = 2147483647;
			files = (
			);
			inputFileListPaths = (
			);
			inputPaths = (
				"${SRCROOT}/Pods/Target Support Files/Pods-MigrateMe/Pods-MigrateMe-frameworks.sh",
				"${BUILT_PRODUCTS_DIR}/SideMenu/SideMenu.framework",
			);
			name = "[CP] Embed Pods Frameworks";
			outputFileListPaths = (
			);
			outputPaths = (
				"${TARGET_BUILD_DIR}/${FRAMEWORKS_FOLDER_PATH}/SideMenu.framework",
			);
			runOnlyForDeploymentPostprocessing = 0;
			shellPath = /bin/sh;
			shellScript = "\"${SRCROOT}/Pods/Target Support Files/Pods-MigrateMe/Pods-MigrateMe-frameworks.sh\"\n";
			showEnvVarsInLog = 0;
		};
		FB3C5E5F2F8A64B924A487BA /* [CP] Check Pods Manifest.lock */ = {
			isa = PBXShellScriptBuildPhase;
			buildActionMask = 2147483647;
			files = (
			);
			inputFileListPaths = (
			);
			inputPaths = (
				"${PODS_PODFILE_DIR_PATH}/Podfile.lock",
				"${PODS_ROOT}/Manifest.lock",
			);
			name = "[CP] Check Pods Manifest.lock";
			outputFileListPaths = (
			);
			outputPaths = (
				"$(DERIVED_FILE_DIR)/Pods-MigrateMe-checkManifestLockResult.txt",
			);
			runOnlyForDeploymentPostprocessing = 0;
			shellPath = /bin/sh;
			shellScript = "diff \"${PODS_PODFILE_DIR_PATH}/Podfile.lock\" \"${PODS_ROOT}/Manifest.lock\" > /dev/null\nif [ $? != 0 ] ; then\n    # print error to STDERR\n    echo \"error: The sandbox is not in sync with the Podfile.lock. Run 'pod install' or update your CocoaPods installation.\" >&2\n    exit 1\nfi\n# This output is used by Xcode 'outputs' to avoid re-running this script phase.\necho \"SUCCESS\" > \"${SCRIPT_OUTPUT_FILE_0}\"\n";
			showEnvVarsInLog = 0;
		};
/* End PBXShellScriptBuildPhase section */

/* Begin PBXSourcesBuildPhase section */
		A27BDE512150A64200B16F22 /* Sources */ = {
			isa = PBXSourcesBuildPhase;
			buildActionMask = 2147483647;
			files = (
				A234AE1C215CF16C00F1A8C9 /* Course.swift in Sources */,
				A2FF89B7215B4223002746B6 /* LivinginMelbourneViewController.swift in Sources */,
				A2E48E262159BF9A003D425E /* visaDetailViewController.swift in Sources */,
				A27BDE5B2150A64200B16F22 /* ViewController.swift in Sources */,
				A27BDE6C2150B1F500B16F22 /* MainPageViewController.swift in Sources */,
				A2FF89D7215CB053002746B6 /* CourseDetailPageViewController.swift in Sources */,
				A27BDE7021547EA300B16F22 /* VisasViewController.swift in Sources */,
				A27BDE592150A64200B16F22 /* AppDelegate.swift in Sources */,
				A27BDE6E21546A1600B16F22 /* SideMenuTableViewController.swift in Sources */,
				A27BDE78215491EE00B16F22 /* CoursesViewController.swift in Sources */,
				A21C4B1A215A12060054A10C /* EmployerSponseredViewController.swift in Sources */,
			);
			runOnlyForDeploymentPostprocessing = 0;
		};
/* End PBXSourcesBuildPhase section */

/* Begin PBXVariantGroup section */
		A27BDE5C2150A64200B16F22 /* Main.storyboard */ = {
			isa = PBXVariantGroup;
			children = (
				A27BDE5D2150A64200B16F22 /* Base */,
			);
			name = Main.storyboard;
			sourceTree = "<group>";
		};
		A27BDE612150A64300B16F22 /* LaunchScreen.storyboard */ = {
			isa = PBXVariantGroup;
			children = (
				A27BDE622150A64300B16F22 /* Base */,
			);
			name = LaunchScreen.storyboard;
			sourceTree = "<group>";
		};
/* End PBXVariantGroup section */

/* Begin XCBuildConfiguration section */
		A27BDE652150A64300B16F22 /* Debug */ = {
			isa = XCBuildConfiguration;
			buildSettings = {
				ALWAYS_SEARCH_USER_PATHS = NO;
				CLANG_ANALYZER_NONNULL = YES;
				CLANG_ANALYZER_NUMBER_OBJECT_CONVERSION = YES_AGGRESSIVE;
				CLANG_CXX_LANGUAGE_STANDARD = "gnu++14";
				CLANG_CXX_LIBRARY = "libc++";
				CLANG_ENABLE_MODULES = YES;
				CLANG_ENABLE_OBJC_ARC = YES;
				CLANG_ENABLE_OBJC_WEAK = YES;
				CLANG_WARN_BLOCK_CAPTURE_AUTORELEASING = YES;
				CLANG_WARN_BOOL_CONVERSION = YES;
				CLANG_WARN_COMMA = YES;
				CLANG_WARN_CONSTANT_CONVERSION = YES;
				CLANG_WARN_DEPRECATED_OBJC_IMPLEMENTATIONS = YES;
				CLANG_WARN_DIRECT_OBJC_ISA_USAGE = YES_ERROR;
				CLANG_WARN_DOCUMENTATION_COMMENTS = YES;
				CLANG_WARN_EMPTY_BODY = YES;
				CLANG_WARN_ENUM_CONVERSION = YES;
				CLANG_WARN_INFINITE_RECURSION = YES;
				CLANG_WARN_INT_CONVERSION = YES;
				CLANG_WARN_NON_LITERAL_NULL_CONVERSION = YES;
				CLANG_WARN_OBJC_IMPLICIT_RETAIN_SELF = YES;
				CLANG_WARN_OBJC_LITERAL_CONVERSION = YES;
				CLANG_WARN_OBJC_ROOT_CLASS = YES_ERROR;
				CLANG_WARN_RANGE_LOOP_ANALYSIS = YES;
				CLANG_WARN_STRICT_PROTOTYPES = YES;
				CLANG_WARN_SUSPICIOUS_MOVE = YES;
				CLANG_WARN_UNGUARDED_AVAILABILITY = YES_AGGRESSIVE;
				CLANG_WARN_UNREACHABLE_CODE = YES;
				CLANG_WARN__DUPLICATE_METHOD_MATCH = YES;
				CODE_SIGN_IDENTITY = "iPhone Developer";
				COPY_PHASE_STRIP = NO;
				DEBUG_INFORMATION_FORMAT = dwarf;
				ENABLE_STRICT_OBJC_MSGSEND = YES;
				ENABLE_TESTABILITY = YES;
				GCC_C_LANGUAGE_STANDARD = gnu11;
				GCC_DYNAMIC_NO_PIC = NO;
				GCC_NO_COMMON_BLOCKS = YES;
				GCC_OPTIMIZATION_LEVEL = 0;
				GCC_PREPROCESSOR_DEFINITIONS = (
					"DEBUG=1",
					"$(inherited)",
				);
				GCC_WARN_64_TO_32_BIT_CONVERSION = YES;
				GCC_WARN_ABOUT_RETURN_TYPE = YES_ERROR;
				GCC_WARN_UNDECLARED_SELECTOR = YES;
				GCC_WARN_UNINITIALIZED_AUTOS = YES_AGGRESSIVE;
				GCC_WARN_UNUSED_FUNCTION = YES;
				GCC_WARN_UNUSED_VARIABLE = YES;
				IPHONEOS_DEPLOYMENT_TARGET = 11.0;
				MTL_ENABLE_DEBUG_INFO = INCLUDE_SOURCE;
				MTL_FAST_MATH = YES;
				ONLY_ACTIVE_ARCH = YES;
				OTHER_LDFLAGS = "-w";
				SDKROOT = iphoneos;
				SWIFT_ACTIVE_COMPILATION_CONDITIONS = DEBUG;
				SWIFT_OPTIMIZATION_LEVEL = "-Onone";
			};
			name = Debug;
		};
		A27BDE662150A64300B16F22 /* Release */ = {
			isa = XCBuildConfiguration;
			buildSettings = {
				ALWAYS_SEARCH_USER_PATHS = NO;
				CLANG_ANALYZER_NONNULL = YES;
				CLANG_ANALYZER_NUMBER_OBJECT_CONVERSION = YES_AGGRESSIVE;
				CLANG_CXX_LANGUAGE_STANDARD = "gnu++14";
				CLANG_CXX_LIBRARY = "libc++";
				CLANG_ENABLE_MODULES = YES;
				CLANG_ENABLE_OBJC_ARC = YES;
				CLANG_ENABLE_OBJC_WEAK = YES;
				CLANG_WARN_BLOCK_CAPTURE_AUTORELEASING = YES;
				CLANG_WARN_BOOL_CONVERSION = YES;
				CLANG_WARN_COMMA = YES;
				CLANG_WARN_CONSTANT_CONVERSION = YES;
				CLANG_WARN_DEPRECATED_OBJC_IMPLEMENTATIONS = YES;
				CLANG_WARN_DIRECT_OBJC_ISA_USAGE = YES_ERROR;
				CLANG_WARN_DOCUMENTATION_COMMENTS = YES;
				CLANG_WARN_EMPTY_BODY = YES;
				CLANG_WARN_ENUM_CONVERSION = YES;
				CLANG_WARN_INFINITE_RECURSION = YES;
				CLANG_WARN_INT_CONVERSION = YES;
				CLANG_WARN_NON_LITERAL_NULL_CONVERSION = YES;
				CLANG_WARN_OBJC_IMPLICIT_RETAIN_SELF = YES;
				CLANG_WARN_OBJC_LITERAL_CONVERSION = YES;
				CLANG_WARN_OBJC_ROOT_CLASS = YES_ERROR;
				CLANG_WARN_RANGE_LOOP_ANALYSIS = YES;
				CLANG_WARN_STRICT_PROTOTYPES = YES;
				CLANG_WARN_SUSPICIOUS_MOVE = YES;
				CLANG_WARN_UNGUARDED_AVAILABILITY = YES_AGGRESSIVE;
				CLANG_WARN_UNREACHABLE_CODE = YES;
				CLANG_WARN__DUPLICATE_METHOD_MATCH = YES;
				CODE_SIGN_IDENTITY = "iPhone Developer";
				COPY_PHASE_STRIP = NO;
				DEBUG_INFORMATION_FORMAT = "dwarf-with-dsym";
				ENABLE_NS_ASSERTIONS = NO;
				ENABLE_STRICT_OBJC_MSGSEND = YES;
				GCC_C_LANGUAGE_STANDARD = gnu11;
				GCC_NO_COMMON_BLOCKS = YES;
				GCC_WARN_64_TO_32_BIT_CONVERSION = YES;
				GCC_WARN_ABOUT_RETURN_TYPE = YES_ERROR;
				GCC_WARN_UNDECLARED_SELECTOR = YES;
				GCC_WARN_UNINITIALIZED_AUTOS = YES_AGGRESSIVE;
				GCC_WARN_UNUSED_FUNCTION = YES;
				GCC_WARN_UNUSED_VARIABLE = YES;
				IPHONEOS_DEPLOYMENT_TARGET = 11.0;
				MTL_ENABLE_DEBUG_INFO = NO;
				MTL_FAST_MATH = YES;
				OTHER_LDFLAGS = "-w";
				SDKROOT = iphoneos;
				SWIFT_COMPILATION_MODE = wholemodule;
				SWIFT_OPTIMIZATION_LEVEL = "-O";
				VALIDATE_PRODUCT = YES;
			};
			name = Release;
		};
		A27BDE682150A64300B16F22 /* Debug */ = {
			isa = XCBuildConfiguration;
			baseConfigurationReference = DE7F72BDC12C3A1680218E34 /* Pods-MigrateMe.debug.xcconfig */;
			buildSettings = {
				ASSETCATALOG_COMPILER_APPICON_NAME = AppIcon;
				CODE_SIGN_STYLE = Automatic;
				DEVELOPMENT_TEAM = KJZ8GTCP4S;
				INFOPLIST_FILE = MigrateMe/Info.plist;
				IPHONEOS_DEPLOYMENT_TARGET = 11.0;
				LD_RUNPATH_SEARCH_PATHS = (
					"$(inherited)",
					"@executable_path/Frameworks",
				);
				PRODUCT_BUNDLE_IDENTIFIER = "Boshi-Liu.MigrateMeEx";
				PRODUCT_NAME = "$(TARGET_NAME)";
				SDKROOT = iphoneos;
				SWIFT_OBJC_BRIDGING_HEADER = MigrateMe/MigrateMe.h;
				SWIFT_VERSION = 4.2;
				TARGETED_DEVICE_FAMILY = "1,2";
			};
			name = Debug;
		};
		A27BDE692150A64300B16F22 /* Release */ = {
			isa = XCBuildConfiguration;
			baseConfigurationReference = 639B17D212A7E74135968D12 /* Pods-MigrateMe.release.xcconfig */;
			buildSettings = {
				ASSETCATALOG_COMPILER_APPICON_NAME = AppIcon;
				CODE_SIGN_STYLE = Automatic;
				DEVELOPMENT_TEAM = KJZ8GTCP4S;
				INFOPLIST_FILE = MigrateMe/Info.plist;
				IPHONEOS_DEPLOYMENT_TARGET = 11.0;
				LD_RUNPATH_SEARCH_PATHS = (
					"$(inherited)",
					"@executable_path/Frameworks",
				);
				PRODUCT_BUNDLE_IDENTIFIER = "Boshi-Liu.MigrateMeEx";
				PRODUCT_NAME = "$(TARGET_NAME)";
				SDKROOT = iphoneos;
				SWIFT_OBJC_BRIDGING_HEADER = MigrateMe/MigrateMe.h;
				SWIFT_VERSION = 4.2;
				TARGETED_DEVICE_FAMILY = "1,2";
			};
			name = Release;
		};
/* End XCBuildConfiguration section */

/* Begin XCConfigurationList section */
		A27BDE502150A64200B16F22 /* Build configuration list for PBXProject "MigrateMe" */ = {
			isa = XCConfigurationList;
			buildConfigurations = (
				A27BDE652150A64300B16F22 /* Debug */,
				A27BDE662150A64300B16F22 /* Release */,
			);
			defaultConfigurationIsVisible = 0;
			defaultConfigurationName = Release;
		};
		A27BDE672150A64300B16F22 /* Build configuration list for PBXNativeTarget "MigrateMe" */ = {
			isa = XCConfigurationList;
			buildConfigurations = (
				A27BDE682150A64300B16F22 /* Debug */,
				A27BDE692150A64300B16F22 /* Release */,
			);
			defaultConfigurationIsVisible = 0;
			defaultConfigurationName = Release;
		};
/* End XCConfigurationList section */
	};
	rootObject = A27BDE4D2150A64200B16F22 /* Project object */;
}
